{
  "name": "@aritra-paul/blog-common",
  "version": "1.0.3",
  "lockfileVersion": 3,
  "requires": true,
  "packages": {
    "": {
      "name": "@aritra-paul/blog-common",
      "version": "1.0.3",
      "license": "ISC",
      "dependencies": {
        "@aritra-paul/blog-common": "^1.0.3",
        "zod": "^3.23.8"
      }
    },
    "node_modules/@aritra-paul/blog-common": {
      "version": "1.0.3",
      "resolved": "https://registry.npmjs.org/@aritra-paul/blog-common/-/blog-common-1.0.3.tgz",
      "integrity": "sha512-ddBuQPUNkHRWAgdRHz3YJbIXDK1PozTkQkWyFZX7j4UYh93ORn10QFCTa4AmI8s7K2InoJRdBONDsGsRXQ4V6w==",
      "license": "ISC",
      "dependencies": {
        "zod": "^3.23.8"
      }
    },
    "node_modules/zod": {
      "version": "3.23.8",
      "resolved": "https://registry.npmjs.org/zod/-/zod-3.23.8.tgz",
      "integrity": "sha512-XBx9AXhXktjUqnepgTiE5flcKIYWi/rme0Eaj+5Y0lftuGBq+jyRu/md4WnuxqgP1ubdpNCsYEYPxrzVHD8d6g==",
      "license": "MIT",
      "funding": {
        "url": "https://github.com/sponsors/colinhacks"
      }
    }
  }
}
